hash: ed4bfa3050ba641d0c57548c4e9559e86e33e3321f6a24e4393109c71eae3159
updated: 2016-04-05T00:20:33.565659445+07:00
imports:
- name: github.com/alecthomas/template
  version: 14fd436dd20c3cc65242a9f396b61bfc8a3926fc
  subpackages:
  - parse
- name: github.com/alecthomas/units
  version: 2efee857e7cfd4f3d0138cc3cbb1b4966962b93a
- name: github.com/onsi/ginkgo
  version: c3a655f9b37a2207fa39721b078b3173ee9218d6
- name: github.com/onsi/gomega
  version: 7ce781ea776b2fd506491011353bded2e40c8467
- name: gopkg.in/alecthomas/kingpin.v2
  version: 8cccfa8eb2e3183254457fb1749b2667fbc364c7
devImports: []
