hash: 210f98c039922b0c6b198f5b56a9662e2eb0155f85f028592660871677c6ed88
updated: 2016-08-04T04:20:23.7367428+07:00
imports:
- name: github.com/alecthomas/template
  version: 57334c0e62f12e015b7f196075eac1c613ab05d9
  subpackages:
  - parse
- name: github.com/alecthomas/units
  version: 57334c0e62f12e015b7f196075eac1c613ab05d9
- name: github.com/golang/protobuf
  version: 57334c0e62f12e015b7f196075eac1c613ab05d9
  subpackages:
  - proto
- name: github.com/onsi/ginkgo
  version: 57334c0e62f12e015b7f196075eac1c613ab05d9
- name: github.com/onsi/gomega
  version: 57334c0e62f12e015b7f196075eac1c613ab05d9
- name: gopkg.in/alecthomas/kingpin.v2
  version: e5900212cbf65b181d3d8e08308ef06a01d117cf
testImports: []
