hash: 210f98c039922b0c6b198f5b56a9662e2eb0155f85f028592660871677c6ed88
updated: 2016-08-03T19:01:59.326181796+07:00
imports:
- name: github.com/alecthomas/template
  version: 8996c35eba6800327c0561f87bbee1fdf176f278
  subpackages:
  - parse
- name: github.com/alecthomas/units
  version: 8996c35eba6800327c0561f87bbee1fdf176f278
- name: github.com/golang/protobuf
  version: c3cefd437628a0b7d31b34fe44b3a7a540e98527
  subpackages:
  - proto
- name: github.com/onsi/ginkgo
  version: 8996c35eba6800327c0561f87bbee1fdf176f278
- name: github.com/onsi/gomega
  version: 8996c35eba6800327c0561f87bbee1fdf176f278
- name: gopkg.in/alecthomas/kingpin.v2
  version: 8996c35eba6800327c0561f87bbee1fdf176f278
testImports: []
